# THIS IS AN AUTOGENERATED FILE. DO NOT EDIT THIS FILE DIRECTLY.
# yarn lockfile v1


"@orbiter/nx-electron-forge@^0.0.1":
  version "0.0.1"
  resolved "https://registry.yarnpkg.com/@orbiter/nx-electron-forge/-/nx-electron-forge-0.0.1.tgz#4909e71c45c75bd89a763a2d5997e86a47975371"
  integrity sha512-2D2wMNZ9Q4ukLHW5hhX7cvweOCleCw9Eb9/uoHlyhJT0MhtbzrwpVU5lALmuHrW0wsiprdQk9kQ4iM5Fnl3F+w==
